
Microsoft Visual Studio Solution File, Format Version 12.00
# Visual Studio 14
VisualStudioVersion = 14.0.25420.1
MinimumVisualStudioVersion = 10.0.40219.1
Project("{FAE04EC0-301F-11D3-BF4B-00C04F79EFBC}") = "DAL", "DAL\DAL.csproj", "{8A5139AF-788C-44C0-8A63-BDD5AEC2BBB8}"
EndProject
Project("{FAE04EC0-301F-11D3-BF4B-00C04F79EFBC}") = "BLL", "BLL\BLL.csproj", "{D08B31C7-91A9-4259-80BD-37ECBD92A82B}"
EndProject
Project("{E24C65DC-7377-472B-9ABA-BC803B73C61A}") = "UI1", "UI1\", "{915A8B59-6021-4942-8DC2-5DAA9B68D667}"
	ProjectSection(WebsiteProperties) = preProject
		TargetFrameworkMoniker = ".NETFramework,Version%3Dv4.5.2"
		ProjectReferences = "{d08b31c7-91a9-4259-80bd-37ecbd92a82b}|BLL.dll;{8A5139AF-788C-44C0-8A63-BDD5AEC2BBB8}|DAL.dll;"
		Debug.AspNetCompiler.VirtualPath = "/localhost_53500"
		Debug.AspNetCompiler.PhysicalPath = "UI1\"
		Debug.AspNetCompiler.TargetPath = "PrecompiledWeb\localhost_53500\"
		Debug.AspNetCompiler.Updateable = "true"
		Debug.AspNetCompiler.ForceOverwrite = "true"
		Debug.AspNetCompiler.FixedNames = "false"
		Debug.AspNetCompiler.Debug = "True"
		Release.AspNetCompiler.VirtualPath = "/localhost_53500"
		Release.AspNetCompiler.PhysicalPath = "UI1\"
		Release.AspNetCompiler.TargetPath = "PrecompiledWeb\localhost_53500\"
		Release.AspNetCompiler.Updateable = "true"
		Release.AspNetCompiler.ForceOverwrite = "true"
		Release.AspNetCompiler.FixedNames = "false"
		Release.AspNetCompiler.Debug = "False"
		VWDPort = "53500"
		SlnRelativePath = "UI1\"
		DefaultWebSiteLanguage = "Visual C#"
	EndProjectSection
EndProject
Global
	GlobalSection(SolutionConfigurationPlatforms) = preSolution
		Debug|Any CPU = Debug|Any CPU
		Release|Any CPU = Release|Any CPU
	EndGlobalSection
	GlobalSection(ProjectConfigurationPlatforms) = postSolution
		{8A5139AF-788C-44C0-8A63-BDD5AEC2BBB8}.Debug|Any CPU.ActiveCfg = Debug|Any CPU
		{8A5139AF-788C-44C0-8A63-BDD5AEC2BBB8}.Debug|Any CPU.Build.0 = Debug|Any CPU
		{8A5139AF-788C-44C0-8A63-BDD5AEC2BBB8}.Release|Any CPU.ActiveCfg = Release|Any CPU
		{8A5139AF-788C-44C0-8A63-BDD5AEC2BBB8}.Release|Any CPU.Build.0 = Release|Any CPU
		{D08B31C7-91A9-4259-80BD-37ECBD92A82B}.Debug|Any CPU.ActiveCfg = Debug|Any CPU
		{D08B31C7-91A9-4259-80BD-37ECBD92A82B}.Debug|Any CPU.Build.0 = Debug|Any CPU
		{D08B31C7-91A9-4259-80BD-37ECBD92A82B}.Release|Any CPU.ActiveCfg = Release|Any CPU
		{D08B31C7-91A9-4259-80BD-37ECBD92A82B}.Release|Any CPU.Build.0 = Release|Any CPU
		{915A8B59-6021-4942-8DC2-5DAA9B68D667}.Debug|Any CPU.ActiveCfg = Debug|Any CPU
		{915A8B59-6021-4942-8DC2-5DAA9B68D667}.Debug|Any CPU.Build.0 = Debug|Any CPU
		{915A8B59-6021-4942-8DC2-5DAA9B68D667}.Release|Any CPU.ActiveCfg = Debug|Any CPU
		{915A8B59-6021-4942-8DC2-5DAA9B68D667}.Release|Any CPU.Build.0 = Debug|Any CPU
	EndGlobalSection
	GlobalSection(SolutionProperties) = preSolution
		HideSolutionNode = FALSE
	EndGlobalSection
EndGlobal
